{
  "version": 4,
  "terraform_version": "1.9.3",
  "serial": 40,
  "lineage": "4f3af86e-b4e3-7d00-b490-09d03f2c6e61",
  "outputs": {},
  "resources": [
    {
      "module": "module.broken",
      "mode": "managed",
      "type": "newrelic_synthetics_broken_links_monitor",
      "name": "foo",
      "provider": "module.broken.provider[\"registry.terraform.io/newrelic/newrelic\"]",
      "instances": [
        {
          "index_key": "broken-1",
          "schema_version": 0,
          "attributes": {
            "account_id": 4438260,
            "guid": "NDQzODI2MHxTWU5USHxNT05JVE9SfDcwYmRiM2VjLTk2ZWQtNDA3Yy05MzZkLWMzNTY0ZjIxNjQ5MQ",
            "id": "NDQzODI2MHxTWU5USHxNT05JVE9SfDcwYmRiM2VjLTk2ZWQtNDA3Yy05MzZkLWMzNTY0ZjIxNjQ5MQ",
            "locations_private": null,
            "locations_public": [
              "AP_SOUTH_1"
            ],
            "name": "Sample Broken Links Monitor",
            "period": "EVERY_12_HOURS",
            "period_in_minutes": 720,
            "runtime_type": "NODE_API",
            "runtime_type_version": "16.10",
            "status": "ENABLED",
            "tag": [],
            "uri": "https://www.one.example.com"
          },
          "sensitive_attributes": [],
          "private": "bnVsbA=="
        }
      ]
    },
    {
      "module": "module.ping",
      "mode": "managed",
      "type": "newrelic_synthetics_monitor",
      "name": "monitor-example",
      "provider": "module.ping.provider[\"registry.terraform.io/newrelic/newrelic\"]",
      "instances": [
        {
          "index_key": "ping-1",
          "schema_version": 0,
          "attributes": {
            "account_id": 4438260,
            "bypass_head_request": null,
            "custom_header": [],
            "device_orientation": "",
            "device_type": "",
            "enable_screenshot_on_failure_and_script": null,
            "id": "NDQzODI2MHxTWU5USHxNT05JVE9SfDdjMDdiMmI3LWE4YzctNGQ2My1hMTUzLWJhZDk1YzM5YmNjZA",
            "locations_private": null,
            "locations_public": [
              "EU_WEST_1"
            ],
            "name": "monitor-ping",
            "period": "EVERY_DAY",
            "period_in_minutes": 1440,
            "runtime_type": null,
            "runtime_type_version": null,
            "script_language": null,
            "status": "ENABLED",
            "tag": [],
            "treat_redirect_as_failure": true,
            "type": "SIMPLE",
            "uri": "https://www.one.newrelic.com",
            "validation_string": "success",
            "verify_ssl": false
          },
          "sensitive_attributes": [],
          "private": "bnVsbA=="
        }
      ]
    },
    {
      "module": "module.script",
      "mode": "data",
      "type": "local_file",
      "name": "script_content",
      "provider": "provider[\"registry.terraform.io/hashicorp/local\"]",
      "instances": [
        {
          "index_key": "script-1",
          "schema_version": 0,
          "attributes": {
            "content": "var assert = require('assert');\r\n\r\n$browser.get(\"https://login.newrelic.com/login\").then(function(){\r\n\r\n    return $browser.findElement($driver.By.id(\"login_email\")).sendKeys(\"readonly@newrelicuniversity.com\");\r\n\r\n}).then(function(){\r\n\r\n  return $browser.findElement($driver.By.id(\"login_submit\")).click();\r\n\r\n}) .then(function(){\r\n\r\n//Find the password field by specifying its name, then submits a secured password.\r\n\r\n    return $browser.findElement($driver.By.id(\"login_password\")).sendKeys(\"o11y-as-code\");\r\n\r\n}).then(function(){\r\n\r\n//Find and click the login button.\r\n\r\n    return $browser.findElement($driver.By.id(\"login_submit\")).click();\r\n\r\n});\r\n ",
            "content_base64": "dmFyIGFzc2VydCA9IHJlcXVpcmUoJ2Fzc2VydCcpOw0KDQokYnJvd3Nlci5nZXQoImh0dHBzOi8vbG9naW4ubmV3cmVsaWMuY29tL2xvZ2luIikudGhlbihmdW5jdGlvbigpew0KDQogICAgcmV0dXJuICRicm93c2VyLmZpbmRFbGVtZW50KCRkcml2ZXIuQnkuaWQoImxvZ2luX2VtYWlsIikpLnNlbmRLZXlzKCJyZWFkb25seUBuZXdyZWxpY3VuaXZlcnNpdHkuY29tIik7DQoNCn0pLnRoZW4oZnVuY3Rpb24oKXsNCg0KICByZXR1cm4gJGJyb3dzZXIuZmluZEVsZW1lbnQoJGRyaXZlci5CeS5pZCgibG9naW5fc3VibWl0IikpLmNsaWNrKCk7DQoNCn0pIC50aGVuKGZ1bmN0aW9uKCl7DQoNCi8vRmluZCB0aGUgcGFzc3dvcmQgZmllbGQgYnkgc3BlY2lmeWluZyBpdHMgbmFtZSwgdGhlbiBzdWJtaXRzIGEgc2VjdXJlZCBwYXNzd29yZC4NCg0KICAgIHJldHVybiAkYnJvd3Nlci5maW5kRWxlbWVudCgkZHJpdmVyLkJ5LmlkKCJsb2dpbl9wYXNzd29yZCIpKS5zZW5kS2V5cygibzExeS1hcy1jb2RlIik7DQoNCn0pLnRoZW4oZnVuY3Rpb24oKXsNCg0KLy9GaW5kIGFuZCBjbGljayB0aGUgbG9naW4gYnV0dG9uLg0KDQogICAgcmV0dXJuICRicm93c2VyLmZpbmRFbGVtZW50KCRkcml2ZXIuQnkuaWQoImxvZ2luX3N1Ym1pdCIpKS5jbGljaygpOw0KDQp9KTsNCiA=",
            "content_base64sha256": "3qZiaGT2s6owyLMdpPuvUrOgktPZKdcDPFsJx2c7LEA=",
            "content_base64sha512": "YQXU8Ew7yDpZZX9vlU5igofcISGxa09ykD6yakRr6Y9YE64CDt7uvSn12Heq7wP/NJjQJNKO54gksmz/PCyESw==",
            "content_md5": "aca61e332d872fb74b9ee7bc35a66b43",
            "content_sha1": "01a2a90f8690745abe12c4d6e5af75f9f4704344",
            "content_sha256": "dea6626864f6b3aa30c8b31da4fbaf52b3a092d3d929d7033c5b09c7673b2c40",
            "content_sha512": "6105d4f04c3bc83a59657f6f954e628287dc2121b16b4f72903eb26a446be98f5813ae020edeeebd29f5d877aaef03ff3498d024d28ee78824b26cff3c2c844b",
            "filename": "script_browser/../login_test.js",
            "id": "01a2a90f8690745abe12c4d6e5af75f9f4704344"
          },
          "sensitive_attributes": []
        }
      ]
    },
    {
      "module": "module.script",
      "mode": "managed",
      "type": "newrelic_synthetics_script_monitor",
      "name": "monitor",
      "provider": "module.script.provider[\"registry.terraform.io/newrelic/newrelic\"]",
      "instances": [
        {
          "index_key": "script-1",
          "schema_version": 0,
          "attributes": {
            "account_id": 4438260,
            "device_orientation": null,
            "device_type": null,
            "enable_screenshot_on_failure_and_script": true,
            "guid": "NDQzODI2MHxTWU5USHxNT05JVE9SfDQ5YmI1MzkyLWY3ODEtNDAyNC04ZDliLTVhNWNmZmJiY2M3Mg",
            "id": "NDQzODI2MHxTWU5USHxNT05JVE9SfDQ5YmI1MzkyLWY3ODEtNDAyNC04ZDliLTVhNWNmZmJiY2M3Mg",
            "location_private": [],
            "locations_public": [
              "AP_EAST_1",
              "AP_SOUTH_1"
            ],
            "name": "script_monitor",
            "period": "EVERY_DAY",
            "period_in_minutes": 1440,
            "runtime_type": null,
            "runtime_type_version": null,
            "script": "var assert = require('assert');\r\n\r\n$browser.get(\"https://login.newrelic.com/login\").then(function(){\r\n\r\n    return $browser.findElement($driver.By.id(\"login_email\")).sendKeys(\"readonly@newrelicuniversity.com\");\r\n\r\n}).then(function(){\r\n\r\n  return $browser.findElement($driver.By.id(\"login_submit\")).click();\r\n\r\n}) .then(function(){\r\n\r\n//Find the password field by specifying its name, then submits a secured password.\r\n\r\n    return $browser.findElement($driver.By.id(\"login_password\")).sendKeys(\"o11y-as-code\");\r\n\r\n}).then(function(){\r\n\r\n//Find and click the login button.\r\n\r\n    return $browser.findElement($driver.By.id(\"login_submit\")).click();\r\n\r\n});\r\n ",
            "script_language": null,
            "status": "ENABLED",
            "tag": [],
            "type": "SCRIPT_BROWSER"
          },
          "sensitive_attributes": [],
          "private": "bnVsbA==",
          "dependencies": [
            "module.script.data.local_file.script_content"
          ]
        }
      ]
    },
    {
      "module": "module.script_api",
      "mode": "data",
      "type": "local_file",
      "name": "script",
      "provider": "provider[\"registry.terraform.io/hashicorp/local\"]",
      "instances": [
        {
          "index_key": "script-api-1",
          "schema_version": 0,
          "attributes": {
            "content": "var assert = require('assert');\r\n \r\n// Example API Test Script\r\n$http.get(\"https://api.example.com/endpoint\", function(err, response, body) {\r\n  assert.equal(response.statusCode, 200, \"Expected a 200 OK response\");\r\n  console.log(\"API Test Passed\");\r\n});",
            "content_base64": "dmFyIGFzc2VydCA9IHJlcXVpcmUoJ2Fzc2VydCcpOw0KIA0KLy8gRXhhbXBsZSBBUEkgVGVzdCBTY3JpcHQNCiRodHRwLmdldCgiaHR0cHM6Ly9hcGkuZXhhbXBsZS5jb20vZW5kcG9pbnQiLCBmdW5jdGlvbihlcnIsIHJlc3BvbnNlLCBib2R5KSB7DQogIGFzc2VydC5lcXVhbChyZXNwb25zZS5zdGF0dXNDb2RlLCAyMDAsICJFeHBlY3RlZCBhIDIwMCBPSyByZXNwb25zZSIpOw0KICBjb25zb2xlLmxvZygiQVBJIFRlc3QgUGFzc2VkIik7DQp9KTs=",
            "content_base64sha256": "dTYQE8K1izaxYsj4KgeT7TYcuhHSUWXh1eOgsaiFgEM=",
            "content_base64sha512": "iyKSHVhRAxVjcqm4y+/3bdZZVkX0HyEzNFta4GtbB3NwqtOulWd3T2luCBEF+UdJloOm1VoVEd3ahx8KcIEpGA==",
            "content_md5": "05f0404495ca2b488b6b22a75bbc8ddb",
            "content_sha1": "142a9cac00c00844cb469e84e51cc7b89a25dbfe",
            "content_sha256": "75361013c2b58b36b162c8f82a0793ed361cba11d25165e1d5e3a0b1a8858043",
            "content_sha512": "8b22921d585103156372a9b8cbeff76dd6595645f41f2133345b5ae06b5b077370aad3ae9567774f696e081105f947499683a6d55a1511ddda871f0a70812918",
            "filename": "script_Api/../test.js",
            "id": "142a9cac00c00844cb469e84e51cc7b89a25dbfe"
          },
          "sensitive_attributes": []
        }
      ]
    },
    {
      "module": "module.script_api",
      "mode": "managed",
      "type": "newrelic_synthetics_script_monitor",
      "name": "monitor",
      "provider": "module.script_api.provider[\"registry.terraform.io/newrelic/newrelic\"]",
      "instances": [
        {
          "index_key": "script-api-1",
          "schema_version": 0,
          "attributes": {
            "account_id": 4438260,
            "device_orientation": null,
            "device_type": null,
            "enable_screenshot_on_failure_and_script": null,
            "guid": "NDQzODI2MHxTWU5USHxNT05JVE9SfDgzNDFkYWI5LTI2NmYtNGNiMi1iNWU0LTI3MTIxNTViOWJmYQ",
            "id": "NDQzODI2MHxTWU5USHxNT05JVE9SfDgzNDFkYWI5LTI2NmYtNGNiMi1iNWU0LTI3MTIxNTViOWJmYQ",
            "location_private": [],
            "locations_public": [
              "AP_EAST_1",
              "AP_SOUTH_1"
            ],
            "name": "script_monitor-1",
            "period": "EVERY_DAY",
            "period_in_minutes": 1440,
            "runtime_type": null,
            "runtime_type_version": null,
            "script": "var assert = require('assert');\r\n \r\n// Example API Test Script\r\n$http.get(\"https://api.example.com/endpoint\", function(err, response, body) {\r\n  assert.equal(response.statusCode, 200, \"Expected a 200 OK response\");\r\n  console.log(\"API Test Passed\");\r\n});",
            "script_language": null,
            "status": "ENABLED",
            "tag": [],
            "type": "SCRIPT_API"
          },
          "sensitive_attributes": [],
          "private": "bnVsbA==",
          "dependencies": [
            "module.script_api.data.local_file.script"
          ]
        }
      ]
    },
    {
      "module": "module.simple_browser",
      "mode": "managed",
      "type": "newrelic_synthetics_monitor",
      "name": "monitor",
      "provider": "module.simple_browser.provider[\"registry.terraform.io/newrelic/newrelic\"]",
      "instances": [
        {
          "index_key": "browser-1",
          "schema_version": 0,
          "attributes": {
            "account_id": 4438260,
            "bypass_head_request": null,
            "custom_header": [],
            "device_orientation": "",
            "device_type": "",
            "enable_screenshot_on_failure_and_script": true,
            "id": "NDQzODI2MHxTWU5USHxNT05JVE9SfDVmNmFkOTc3LTg1MmUtNDUxZi05MjBhLTRlNTYyZDY0NmE4YQ",
            "locations_private": null,
            "locations_public": [
              "EU_WEST_1"
            ],
            "name": "monitor",
            "period": "EVERY_DAY",
            "period_in_minutes": 1440,
            "runtime_type": "",
            "runtime_type_version": "",
            "script_language": "",
            "status": "ENABLED",
            "tag": [],
            "treat_redirect_as_failure": null,
            "type": "BROWSER",
            "uri": "https://www.one.newrelic.com",
            "validation_string": "success",
            "verify_ssl": false
          },
          "sensitive_attributes": [],
          "private": "bnVsbA=="
        }
      ]
    },
    {
      "module": "module.step_monitor",
      "mode": "managed",
      "type": "newrelic_synthetics_step_monitor",
      "name": "step_monitor",
      "provider": "module.step_monitor.provider[\"registry.terraform.io/newrelic/newrelic\"]",
      "instances": [
        {
          "index_key": "step_monitor_1",
          "schema_version": 0,
          "attributes": {
            "account_id": 4438260,
            "enable_screenshot_on_failure_and_script": true,
            "guid": "NDQzODI2MHxTWU5USHxNT05JVE9SfDA5NjE3NjA0LTQ4YTgtNDQ3YS05NDQ2LWNkNjZiM2RhMDU1ZA",
            "id": "NDQzODI2MHxTWU5USHxNT05JVE9SfDA5NjE3NjA0LTQ4YTgtNDQ3YS05NDQ2LWNkNjZiM2RhMDU1ZA",
            "location_private": [],
            "locations_public": [
              "US_EAST_1",
              "US_EAST_2"
            ],
            "name": "Sample Step Monitor 1",
            "period": "EVERY_DAY",
            "period_in_minutes": 1440,
            "runtime_type": "CHROME_BROWSER",
            "runtime_type_version": "100",
            "status": "ENABLED",
            "steps": [
              {
                "ordinal": 0,
                "type": "NAVIGATE",
                "values": [
                  "https://www.newrelic.com"
                ]
              }
            ],
            "tag": []
          },
          "sensitive_attributes": [],
          "private": "bnVsbA=="
        }
      ]
    }
  ],
  "check_results": null
}
